
Microsoft Visual Studio Solution File, Format Version 12.00
# Visual Studio Version 17
VisualStudioVersion = 17.7.34009.444
MinimumVisualStudioVersion = 10.0.40219.1
Project("{8BC9CEB8-8B4A-11D0-8D11-00A0C91BC942}") = "Raze", "Raze.vcxproj", "{316D7B8B-C542-4CD6-B5F4-9EB4B69CED18}"
EndProject
Global
	GlobalSection(SolutionConfigurationPlatforms) = preSolution
		Debug No Args|x64 = Debug No Args|x64
		Debug No Args|x86 = Debug No Args|x86
		Debug|x64 = Debug|x64
		Debug|x86 = Debug|x86
		Release|x64 = Release|x64
		Release|x86 = Release|x86
	EndGlobalSection
	GlobalSection(ProjectConfigurationPlatforms) = postSolution
		{316D7B8B-C542-4CD6-B5F4-9EB4B69CED18}.Debug No Args|x64.ActiveCfg = Debug No Args|x64
		{316D7B8B-C542-4CD6-B5F4-9EB4B69CED18}.Debug No Args|x64.Build.0 = Debug No Args|x64
		{316D7B8B-C542-4CD6-B5F4-9EB4B69CED18}.Debug No Args|x86.ActiveCfg = Debug No Args|Win32
		{316D7B8B-C542-4CD6-B5F4-9EB4B69CED18}.Debug No Args|x86.Build.0 = Debug No Args|Win32
		{316D7B8B-C542-4CD6-B5F4-9EB4B69CED18}.Debug|x64.ActiveCfg = Debug|x64
		{316D7B8B-C542-4CD6-B5F4-9EB4B69CED18}.Debug|x64.Build.0 = Debug|x64
		{316D7B8B-C542-4CD6-B5F4-9EB4B69CED18}.Debug|x86.ActiveCfg = Debug|Win32
		{316D7B8B-C542-4CD6-B5F4-9EB4B69CED18}.Debug|x86.Build.0 = Debug|Win32
		{316D7B8B-C542-4CD6-B5F4-9EB4B69CED18}.Release|x64.ActiveCfg = Release|x64
		{316D7B8B-C542-4CD6-B5F4-9EB4B69CED18}.Release|x64.Build.0 = Release|x64
		{316D7B8B-C542-4CD6-B5F4-9EB4B69CED18}.Release|x86.ActiveCfg = Release|Win32
		{316D7B8B-C542-4CD6-B5F4-9EB4B69CED18}.Release|x86.Build.0 = Release|Win32
	EndGlobalSection
	GlobalSection(SolutionProperties) = preSolution
		HideSolutionNode = FALSE
	EndGlobalSection
	GlobalSection(ExtensibilityGlobals) = postSolution
		SolutionGuid = {2FA088D7-28D8-4878-A618-45545197CEDF}
	EndGlobalSection
EndGlobal
